// !$*UTF8*$!
{
	archiveVersion = 1;
	classes = {
	};
	objectVersion = 46;
	objects = {

/* Begin PBXBuildFile section */
		1115AC285F5E574B80125926 /* Pods_Demo.framework in Frameworks */ = {isa = PBXBuildFile; fileRef = F2201B23BC7C7E0D1A85EC18 /* Pods_Demo.framework */; };
		3686598001EECC24E88346A3 /* Pods_DemoUITests.framework in Frameworks */ = {isa = PBXBuildFile; fileRef = E26C375D1A58C5501E1FFA05 /* Pods_DemoUITests.framework */; };
		4F205F69CCA29D9A3B7E9239 /* Pods_DemoTests.framework in Frameworks */ = {isa = PBXBuildFile; fileRef = 72416A6B1504B4CC53668ECB /* Pods_DemoTests.framework */; };
		B211BC171E260A330009B4BE /* AppDelegate.swift in Sources */ = {isa = PBXBuildFile; fileRef = B211BC161E260A330009B4BE /* AppDelegate.swift */; };
		B211BC191E260A330009B4BE /* ViewController.swift in Sources */ = {isa = PBXBuildFile; fileRef = B211BC181E260A330009B4BE /* ViewController.swift */; };
		B211BC1C1E260A330009B4BE /* Main.storyboard in Resources */ = {isa = PBXBuildFile; fileRef = B211BC1A1E260A330009B4BE /* Main.storyboard */; };
		B211BC1E1E260A330009B4BE /* Assets.xcassets in Resources */ = {isa = PBXBuildFile; fileRef = B211BC1D1E260A330009B4BE /* Assets.xcassets */; };
		B211BC211E260A330009B4BE /* LaunchScreen.storyboard in Resources */ = {isa = PBXBuildFile; fileRef = B211BC1F1E260A330009B4BE /* LaunchScreen.storyboard */; };
		B211BC2C1E260A330009B4BE /* DemoTests.swift in Sources */ = {isa = PBXBuildFile; fileRef = B211BC2B1E260A330009B4BE /* DemoTests.swift */; };
		B211BC371E260A330009B4BE /* DemoUITests.swift in Sources */ = {isa = PBXBuildFile; fileRef = B211BC361E260A330009B4BE /* DemoUITests.swift */; };
		B211BC451E260A8F0009B4BE /* UserObject.swift in Sources */ = {isa = PBXBuildFile; fileRef = B211BC441E260A8E0009B4BE /* UserObject.swift */; };
/* End PBXBuildFile section */

/* Begin PBXContainerItemProxy section */
		B211BC281E260A330009B4BE /* PBXContainerItemProxy */ = {
			isa = PBXContainerItemProxy;
			containerPortal = B211BC0B1E260A330009B4BE /* Project object */;
			proxyType = 1;
			remoteGlobalIDString = B211BC121E260A330009B4BE;
			remoteInfo = Demo;
		};
		B211BC331E260A330009B4BE /* PBXContainerItemProxy */ = {
			isa = PBXContainerItemProxy;
			containerPortal = B211BC0B1E260A330009B4BE /* Project object */;
			proxyType = 1;
			remoteGlobalIDString = B211BC121E260A330009B4BE;
			remoteInfo = Demo;
		};
/* End PBXContainerItemProxy section */

/* Begin PBXFileReference section */
		027B3ECC65E937C302F6C729 /* Pods-DemoUITests.release.xcconfig */ = {isa = PBXFileReference; includeInIndex = 1; lastKnownFileType = text.xcconfig; name = "Pods-DemoUITests.release.xcconfig"; path = "Pods/Target Support Files/Pods-DemoUITests/Pods-DemoUITests.release.xcconfig"; sourceTree = "<group>"; };
		09EA52B4D84026EE166A0C26 /* Pods-DemoUITests.debug.xcconfig */ = {isa = PBXFileReference; includeInIndex = 1; lastKnownFileType = text.xcconfig; name = "Pods-DemoUITests.debug.xcconfig"; path = "Pods/Target Support Files/Pods-DemoUITests/Pods-DemoUITests.debug.xcconfig"; sourceTree = "<group>"; };
		3C7EDC766B12575E375F1DFB /* Pods-Demo.debug.xcconfig */ = {isa = PBXFileReference; includeInIndex = 1; lastKnownFileType = text.xcconfig; name = "Pods-Demo.debug.xcconfig"; path = "Pods/Target Support Files/Pods-Demo/Pods-Demo.debug.xcconfig"; sourceTree = "<group>"; };
		621AA8FC9100C932F136129D /* Pods-DemoTests.debug.xcconfig */ = {isa = PBXFileReference; includeInIndex = 1; lastKnownFileType = text.xcconfig; name = "Pods-DemoTests.debug.xcconfig"; path = "Pods/Target Support Files/Pods-DemoTests/Pods-DemoTests.debug.xcconfig"; sourceTree = "<group>"; };
		72416A6B1504B4CC53668ECB /* Pods_DemoTests.framework */ = {isa = PBXFileReference; explicitFileType = wrapper.framework; includeInIndex = 0; path = Pods_DemoTests.framework; sourceTree = BUILT_PRODUCTS_DIR; };
		816B13BE7EA29378A3225278 /* Pods-Demo.release.xcconfig */ = {isa = PBXFileReference; includeInIndex = 1; lastKnownFileType = text.xcconfig; name = "Pods-Demo.release.xcconfig"; path = "Pods/Target Support Files/Pods-Demo/Pods-Demo.release.xcconfig"; sourceTree = "<group>"; };
		B211BC131E260A330009B4BE /* Demo.app */ = {isa = PBXFileReference; explicitFileType = wrapper.application; includeInIndex = 0; path = Demo.app; sourceTree = BUILT_PRODUCTS_DIR; };
		B211BC161E260A330009B4BE /* AppDelegate.swift */ = {isa = PBXFileReference; lastKnownFileType = sourcecode.swift; path = AppDelegate.swift; sourceTree = "<group>"; };
		B211BC181E260A330009B4BE /* ViewController.swift */ = {isa = PBXFileReference; lastKnownFileType = sourcecode.swift; path = ViewController.swift; sourceTree = "<group>"; };
		B211BC1B1E260A330009B4BE /* Base */ = {isa = PBXFileReference; lastKnownFileType = file.storyboard; name = Base; path = Base.lproj/Main.storyboard; sourceTree = "<group>"; };
		B211BC1D1E260A330009B4BE /* Assets.xcassets */ = {isa = PBXFileReference; lastKnownFileType = folder.assetcatalog; path = Assets.xcassets; sourceTree = "<group>"; };
		B211BC201E260A330009B4BE /* Base */ = {isa = PBXFileReference; lastKnownFileType = file.storyboard; name = Base; path = Base.lproj/LaunchScreen.storyboard; sourceTree = "<group>"; };
		B211BC221E260A330009B4BE /* Info.plist */ = {isa = PBXFileReference; lastKnownFileType = text.plist.xml; path = Info.plist; sourceTree = "<group>"; };
		B211BC271E260A330009B4BE /* DemoTests.xctest */ = {isa = PBXFileReference; explicitFileType = wrapper.cfbundle; includeInIndex = 0; path = DemoTests.xctest; sourceTree = BUILT_PRODUCTS_DIR; };
		B211BC2B1E260A330009B4BE /* DemoTests.swift */ = {isa = PBXFileReference; lastKnownFileType = sourcecode.swift; path = DemoTests.swift; sourceTree = "<group>"; };
		B211BC2D1E260A330009B4BE /* Info.plist */ = {isa = PBXFileReference; lastKnownFileType = text.plist.xml; path = Info.plist; sourceTree = "<group>"; };
		B211BC321E260A330009B4BE /* DemoUITests.xctest */ = {isa = PBXFileReference; explicitFileType = wrapper.cfbundle; includeInIndex = 0; path = DemoUITests.xctest; sourceTree = BUILT_PRODUCTS_DIR; };
		B211BC361E260A330009B4BE /* DemoUITests.swift */ = {isa = PBXFileReference; lastKnownFileType = sourcecode.swift; path = DemoUITests.swift; sourceTree = "<group>"; };
		B211BC381E260A330009B4BE /* Info.plist */ = {isa = PBXFileReference; lastKnownFileType = text.plist.xml; path = Info.plist; sourceTree = "<group>"; };
		B211BC441E260A8E0009B4BE /* UserObject.swift */ = {isa = PBXFileReference; fileEncoding = 4; lastKnownFileType = sourcecode.swift; path = UserObject.swift; sourceTree = "<group>"; };
		DD78A4A7CFDD840D3E55F0C1 /* Pods-DemoTests.release.xcconfig */ = {isa = PBXFileReference; includeInIndex = 1; lastKnownFileType = text.xcconfig; name = "Pods-DemoTests.release.xcconfig"; path = "Pods/Target Support Files/Pods-DemoTests/Pods-DemoTests.release.xcconfig"; sourceTree = "<group>"; };
		E26C375D1A58C5501E1FFA05 /* Pods_DemoUITests.framework */ = {isa = PBXFileReference; explicitFileType = wrapper.framework; includeInIndex = 0; path = Pods_DemoUITests.framework; sourceTree = BUILT_PRODUCTS_DIR; };
		F2201B23BC7C7E0D1A85EC18 /* Pods_Demo.framework */ = {isa = PBXFileReference; explicitFileType = wrapper.framework; includeInIndex = 0; path = Pods_Demo.framework; sourceTree = BUILT_PRODUCTS_DIR; };
/* End PBXFileReference section */

/* Begin PBXFrameworksBuildPhase section */
		B211BC101E260A330009B4BE /* Frameworks */ = {
			isa = PBXFrameworksBuildPhase;
			buildActionMask = 2147483647;
			files = (
				1115AC285F5E574B80125926 /* Pods_Demo.framework in Frameworks */,
			);
			runOnlyForDeploymentPostprocessing = 0;
		};
		B211BC241E260A330009B4BE /* Frameworks */ = {
			isa = PBXFrameworksBuildPhase;
			buildActionMask = 2147483647;
			files = (
				4F205F69CCA29D9A3B7E9239 /* Pods_DemoTests.framework in Frameworks */,
			);
			runOnlyForDeploymentPostprocessing = 0;
		};
		B211BC2F1E260A330009B4BE /* Frameworks */ = {
			isa = PBXFrameworksBuildPhase;
			buildActionMask = 2147483647;
			files = (
				3686598001EECC24E88346A3 /* Pods_DemoUITests.framework in Frameworks */,
			);
			runOnlyForDeploymentPostprocessing = 0;
		};
/* End PBXFrameworksBuildPhase section */

/* Begin PBXGroup section */
		08BBADF9D77E8453B5E7DA66 /* Pods */ = {
			isa = PBXGroup;
			children = (
				3C7EDC766B12575E375F1DFB /* Pods-Demo.debug.xcconfig */,
				816B13BE7EA29378A3225278 /* Pods-Demo.release.xcconfig */,
				621AA8FC9100C932F136129D /* Pods-DemoTests.debug.xcconfig */,
				DD78A4A7CFDD840D3E55F0C1 /* Pods-DemoTests.release.xcconfig */,
				09EA52B4D84026EE166A0C26 /* Pods-DemoUITests.debug.xcconfig */,
				027B3ECC65E937C302F6C729 /* Pods-DemoUITests.release.xcconfig */,
			);
			name = Pods;
			sourceTree = "<group>";
		};
		9D80F877E71EC7011CDCBE29 /* Frameworks */ = {
			isa = PBXGroup;
			children = (
				F2201B23BC7C7E0D1A85EC18 /* Pods_Demo.framework */,
				72416A6B1504B4CC53668ECB /* Pods_DemoTests.framework */,
				E26C375D1A58C5501E1FFA05 /* Pods_DemoUITests.framework */,
			);
			name = Frameworks;
			sourceTree = "<group>";
		};
		B211BC0A1E260A330009B4BE = {
			isa = PBXGroup;
			children = (
				B211BC151E260A330009B4BE /* Demo */,
				B211BC2A1E260A330009B4BE /* DemoTests */,
				B211BC351E260A330009B4BE /* DemoUITests */,
				B211BC141E260A330009B4BE /* Products */,
				08BBADF9D77E8453B5E7DA66 /* Pods */,
				9D80F877E71EC7011CDCBE29 /* Frameworks */,
			);
			sourceTree = "<group>";
		};
		B211BC141E260A330009B4BE /* Products */ = {
			isa = PBXGroup;
			children = (
				B211BC131E260A330009B4BE /* Demo.app */,
				B211BC271E260A330009B4BE /* DemoTests.xctest */,
				B211BC321E260A330009B4BE /* DemoUITests.xctest */,
			);
			name = Products;
			sourceTree = "<group>";
		};
		B211BC151E260A330009B4BE /* Demo */ = {
			isa = PBXGroup;
			children = (
				B211BC441E260A8E0009B4BE /* UserObject.swift */,
				B211BC161E260A330009B4BE /* AppDelegate.swift */,
				B211BC181E260A330009B4BE /* ViewController.swift */,
				B211BC1A1E260A330009B4BE /* Main.storyboard */,
				B211BC1D1E260A330009B4BE /* Assets.xcassets */,
				B211BC1F1E260A330009B4BE /* LaunchScreen.storyboard */,
				B211BC221E260A330009B4BE /* Info.plist */,
			);
			path = Demo;
			sourceTree = "<group>";
		};
		B211BC2A1E260A330009B4BE /* DemoTests */ = {
			isa = PBXGroup;
			children = (
				B211BC2B1E260A330009B4BE /* DemoTests.swift */,
				B211BC2D1E260A330009B4BE /* Info.plist */,
			);
			path = DemoTests;
			sourceTree = "<group>";
		};
		B211BC351E260A330009B4BE /* DemoUITests */ = {
			isa = PBXGroup;
			children = (
				B211BC361E260A330009B4BE /* DemoUITests.swift */,
				B211BC381E260A330009B4BE /* Info.plist */,
			);
			path = DemoUITests;
			sourceTree = "<group>";
		};
/* End PBXGroup section */

/* Begin PBXNativeTarget section */
		B211BC121E260A330009B4BE /* Demo */ = {
			isa = PBXNativeTarget;
			buildConfigurationList = B211BC3B1E260A330009B4BE /* Build configuration list for PBXNativeTarget "Demo" */;
			buildPhases = (
				437F6537AC85E63747479C8A /* [CP] Check Pods Manifest.lock */,
				B211BC0F1E260A330009B4BE /* Sources */,
				B211BC101E260A330009B4BE /* Frameworks */,
				B211BC111E260A330009B4BE /* Resources */,
				868D68C7C5A5FFD4768D5F56 /* [CP] Embed Pods Frameworks */,
				AEDD43CE248376A0C9CA06C4 /* [CP] Copy Pods Resources */,
			);
			buildRules = (
			);
			dependencies = (
			);
			name = Demo;
			productName = Demo;
			productReference = B211BC131E260A330009B4BE /* Demo.app */;
			productType = "com.apple.product-type.application";
		};
		B211BC261E260A330009B4BE /* DemoTests */ = {
			isa = PBXNativeTarget;
			buildConfigurationList = B211BC3E1E260A330009B4BE /* Build configuration list for PBXNativeTarget "DemoTests" */;
			buildPhases = (
				E780710D3401953BDDEA60AF /* [CP] Check Pods Manifest.lock */,
				B211BC231E260A330009B4BE /* Sources */,
				B211BC241E260A330009B4BE /* Frameworks */,
				B211BC251E260A330009B4BE /* Resources */,
				7B6AB0FFCEB4D6A40CC2911C /* [CP] Embed Pods Frameworks */,
				5C2EB673C54AA1DB69B0F545 /* [CP] Copy Pods Resources */,
			);
			buildRules = (
			);
			dependencies = (
				B211BC291E260A330009B4BE /* PBXTargetDependency */,
			);
			name = DemoTests;
			productName = DemoTests;
			productReference = B211BC271E260A330009B4BE /* DemoTests.xctest */;
			productType = "com.apple.product-type.bundle.unit-test";
		};
		B211BC311E260A330009B4BE /* DemoUITests */ = {
			isa = PBXNativeTarget;
			buildConfigurationList = B211BC411E260A330009B4BE /* Build configuration list for PBXNativeTarget "DemoUITests" */;
			buildPhases = (
				88E6925A2278942BA8947836 /* [CP] Check Pods Manifest.lock */,
				B211BC2E1E260A330009B4BE /* Sources */,
				B211BC2F1E260A330009B4BE /* Frameworks */,
				B211BC301E260A330009B4BE /* Resources */,
				35E1E0B51361A73444A57127 /* [CP] Embed Pods Frameworks */,
				A825E5F676D831791C582733 /* [CP] Copy Pods Resources */,
			);
			buildRules = (
			);
			dependencies = (
				B211BC341E260A330009B4BE /* PBXTargetDependency */,
			);
			name = DemoUITests;
			productName = DemoUITests;
			productReference = B211BC321E260A330009B4BE /* DemoUITests.xctest */;
			productType = "com.apple.product-type.bundle.ui-testing";
		};
/* End PBXNativeTarget section */

/* Begin PBXProject section */
		B211BC0B1E260A330009B4BE /* Project object */ = {
			isa = PBXProject;
			attributes = {
				LastSwiftUpdateCheck = 0820;
				LastUpgradeCheck = 0820;
				ORGANIZATIONNAME = ZackTvZ;
				TargetAttributes = {
					B211BC121E260A330009B4BE = {
						CreatedOnToolsVersion = 8.2;
						ProvisioningStyle = Automatic;
					};
					B211BC261E260A330009B4BE = {
						CreatedOnToolsVersion = 8.2;
						ProvisioningStyle = Automatic;
						TestTargetID = B211BC121E260A330009B4BE;
					};
					B211BC311E260A330009B4BE = {
						CreatedOnToolsVersion = 8.2;
						ProvisioningStyle = Automatic;
						TestTargetID = B211BC121E260A330009B4BE;
					};
				};
			};
			buildConfigurationList = B211BC0E1E260A330009B4BE /* Build configuration list for PBXProject "Demo" */;
			compatibilityVersion = "Xcode 3.2";
			developmentRegion = English;
			hasScannedForEncodings = 0;
			knownRegions = (
				en,
				Base,
			);
			mainGroup = B211BC0A1E260A330009B4BE;
			productRefGroup = B211BC141E260A330009B4BE /* Products */;
			projectDirPath = "";
			projectRoot = "";
			targets = (
				B211BC121E260A330009B4BE /* Demo */,
				B211BC261E260A330009B4BE /* DemoTests */,
				B211BC311E260A330009B4BE /* DemoUITests */,
			);
		};
/* End PBXProject section */

/* Begin PBXResourcesBuildPhase section */
		B211BC111E260A330009B4BE /* Resources */ = {
			isa = PBXResourcesBuildPhase;
			buildActionMask = 2147483647;
			files = (
				B211BC211E260A330009B4BE /* LaunchScreen.storyboard in Resources */,
				B211BC1E1E260A330009B4BE /* Assets.xcassets in Resources */,
				B211BC1C1E260A330009B4BE /* Main.storyboard in Resources */,
			);
			runOnlyForDeploymentPostprocessing = 0;
		};
		B211BC251E260A330009B4BE /* Resources */ = {
			isa = PBXResourcesBuildPhase;
			buildActionMask = 2147483647;
			files = (
			);
			runOnlyForDeploymentPostprocessing = 0;
		};
		B211BC301E260A330009B4BE /* Resources */ = {
			isa = PBXResourcesBuildPhase;
			buildActionMask = 2147483647;
			files = (
			);
			runOnlyForDeploymentPostprocessing = 0;
		};
/* End PBXResourcesBuildPhase section */

/* Begin PBXShellScriptBuildPhase section */
		35E1E0B51361A73444A57127 /* [CP] Embed Pods Frameworks */ = {
			isa = PBXShellScriptBuildPhase;
			buildActionMask = 2147483647;
			files = (
			);
			inputPaths = (
			);
			name = "[CP] Embed Pods Frameworks";
			outputPaths = (
			);
			runOnlyForDeploymentPostprocessing = 0;
			shellPath = /bin/sh;
			shellScript = "\"${SRCROOT}/Pods/Target Support Files/Pods-DemoUITests/Pods-DemoUITests-frameworks.sh\"\n";
			showEnvVarsInLog = 0;
		};
		437F6537AC85E63747479C8A /* [CP] Check Pods Manifest.lock */ = {
			isa = PBXShellScriptBuildPhase;
			buildActionMask = 2147483647;
			files = (
			);
			inputPaths = (
			);
			name = "[CP] Check Pods Manifest.lock";
			outputPaths = (
			);
			runOnlyForDeploymentPostprocessing = 0;
			shellPath = /bin/sh;
			shellScript = "diff \"${PODS_ROOT}/../Podfile.lock\" \"${PODS_ROOT}/Manifest.lock\" > /dev/null\nif [ $? != 0 ] ; then\n    # print error to STDERR\n    echo \"error: The sandbox is not in sync with the Podfile.lock. Run 'pod install' or update your CocoaPods installation.\" >&2\n    exit 1\nfi\n";
			showEnvVarsInLog = 0;
		};
		5C2EB673C54AA1DB69B0F545 /* [CP] Copy Pods Resources */ = {
			isa = PBXShellScriptBuildPhase;
			buildActionMask = 2147483647;
			files = (
			);
			inputPaths = (
			);
			name = "[CP] Copy Pods Resources";
			outputPaths = (
			);
			runOnlyForDeploymentPostprocessing = 0;
			shellPath = /bin/sh;
			shellScript = "\"${SRCROOT}/Pods/Target Support Files/Pods-DemoTests/Pods-DemoTests-resources.sh\"\n";
			showEnvVarsInLog = 0;
		};
		7B6AB0FFCEB4D6A40CC2911C /* [CP] Embed Pods Frameworks */ = {
			isa = PBXShellScriptBuildPhase;
			buildActionMask = 2147483647;
			files = (
			);
			inputPaths = (
			);
			name = "[CP] Embed Pods Frameworks";
			outputPaths = (
			);
			runOnlyForDeploymentPostprocessing = 0;
			shellPath = /bin/sh;
			shellScript = "\"${SRCROOT}/Pods/Target Support Files/Pods-DemoTests/Pods-DemoTests-frameworks.sh\"\n";
			showEnvVarsInLog = 0;
		};
		868D68C7C5A5FFD4768D5F56 /* [CP] Embed Pods Frameworks */ = {
			isa = PBXShellScriptBuildPhase;
			buildActionMask = 2147483647;
			files = (
			);
			inputPaths = (
			);
			name = "[CP] Embed Pods Frameworks";
			outputPaths = (
			);
			runOnlyForDeploymentPostprocessing = 0;
			shellPath = /bin/sh;
			shellScript = "\"${SRCROOT}/Pods/Target Support Files/Pods-Demo/Pods-Demo-frameworks.sh\"\n";
			showEnvVarsInLog = 0;
		};
		88E6925A2278942BA8947836 /* [CP] Check Pods Manifest.lock */ = {
			isa = PBXShellScriptBuildPhase;
			buildActionMask = 2147483647;
			files = (
			);
			inputPaths = (
			);
			name = "[CP] Check Pods Manifest.lock";
			outputPaths = (
			);
			runOnlyForDeploymentPostprocessing = 0;
			shellPath = /bin/sh;
			shellScript = "diff \"${PODS_ROOT}/../Podfile.lock\" \"${PODS_ROOT}/Manifest.lock\" > /dev/null\nif [ $? != 0 ] ; then\n    # print error to STDERR\n    echo \"error: The sandbox is not in sync with the Podfile.lock. Run 'pod install' or update your CocoaPods installation.\" >&2\n    exit 1\nfi\n";
			showEnvVarsInLog = 0;
		};
		A825E5F676D831791C582733 /* [CP] Copy Pods Resources */ = {
			isa = PBXShellScriptBuildPhase;
			buildActionMask = 2147483647;
			files = (
			);
			inputPaths = (
			);
			name = "[CP] Copy Pods Resources";
			outputPaths = (
			);
			runOnlyForDeploymentPostprocessing = 0;
			shellPath = /bin/sh;
			shellScript = "\"${SRCROOT}/Pods/Target Support Files/Pods-DemoUITests/Pods-DemoUITests-resources.sh\"\n";
			showEnvVarsInLog = 0;
		};
		AEDD43CE248376A0C9CA06C4 /* [CP] Copy Pods Resources */ = {
			isa = PBXShellScriptBuildPhase;
			buildActionMask = 2147483647;
			files = (
			);
			inputPaths = (
			);
			name = "[CP] Copy Pods Resources";
			outputPaths = (
			);
			runOnlyForDeploymentPostprocessing = 0;
			shellPath = /bin/sh;
			shellScript = "\"${SRCROOT}/Pods/Target Support Files/Pods-Demo/Pods-Demo-resources.sh\"\n";
			showEnvVarsInLog = 0;
		};
		E780710D3401953BDDEA60AF /* [CP] Check Pods Manifest.lock */ = {
			isa = PBXShellScriptBuildPhase;
			buildActionMask = 2147483647;
			files = (
			);
			inputPaths = (
			);
			name = "[CP] Check Pods Manifest.lock";
			outputPaths = (
			);
			runOnlyForDeploymentPostprocessing = 0;
			shellPath = /bin/sh;
			shellScript = "diff \"${PODS_ROOT}/../Podfile.lock\" \"${PODS_ROOT}/Manifest.lock\" > /dev/null\nif [ $? != 0 ] ; then\n    # print error to STDERR\n    echo \"error: The sandbox is not in sync with the Podfile.lock. Run 'pod install' or update your CocoaPods installation.\" >&2\n    exit 1\nfi\n";
			showEnvVarsInLog = 0;
		};
/* End PBXShellScriptBuildPhase section */

/* Begin PBXSourcesBuildPhase section */
		B211BC0F1E260A330009B4BE /* Sources */ = {
			isa = PBXSourcesBuildPhase;
			buildActionMask = 2147483647;
			files = (
				B211BC191E260A330009B4BE /* ViewController.swift in Sources */,
				B211BC171E260A330009B4BE /* AppDelegate.swift in Sources */,
				B211BC451E260A8F0009B4BE /* UserObject.swift in Sources */,
			);
			runOnlyForDeploymentPostprocessing = 0;
		};
		B211BC231E260A330009B4BE /* Sources */ = {
			isa = PBXSourcesBuildPhase;
			buildActionMask = 2147483647;
			files = (
				B211BC2C1E260A330009B4BE /* DemoTests.swift in Sources */,
			);
			runOnlyForDeploymentPostprocessing = 0;
		};
		B211BC2E1E260A330009B4BE /* Sources */ = {
			isa = PBXSourcesBuildPhase;
			buildActionMask = 2147483647;
			files = (
				B211BC371E260A330009B4BE /* DemoUITests.swift in Sources */,
			);
			runOnlyForDeploymentPostprocessing = 0;
		};
/* End PBXSourcesBuildPhase section */

/* Begin PBXTargetDependency section */
		B211BC291E260A330009B4BE /* PBXTargetDependency */ = {
			isa = PBXTargetDependency;
			target = B211BC121E260A330009B4BE /* Demo */;
			targetProxy = B211BC281E260A330009B4BE /* PBXContainerItemProxy */;
		};
		B211BC341E260A330009B4BE /* PBXTargetDependency */ = {
			isa = PBXTargetDependency;
			target = B211BC121E260A330009B4BE /* Demo */;
			targetProxy = B211BC331E260A330009B4BE /* PBXContainerItemProxy */;
		};
/* End PBXTargetDependency section */

/* Begin PBXVariantGroup section */
		B211BC1A1E260A330009B4BE /* Main.storyboard */ = {
			isa = PBXVariantGroup;
			children = (
				B211BC1B1E260A330009B4BE /* Base */,
			);
			name = Main.storyboard;
			sourceTree = "<group>";
		};
		B211BC1F1E260A330009B4BE /* LaunchScreen.storyboard */ = {
			isa = PBXVariantGroup;
			children = (
				B211BC201E260A330009B4BE /* Base */,
			);
			name = LaunchScreen.storyboard;
			sourceTree = "<group>";
		};
/* End PBXVariantGroup section */

/* Begin XCBuildConfiguration section */
		B211BC391E260A330009B4BE /* Debug */ = {
			isa = XCBuildConfiguration;
			buildSettings = {
				ALWAYS_SEARCH_USER_PATHS = NO;
				CLANG_ANALYZER_NONNULL = YES;
				CLANG_CXX_LANGUAGE_STANDARD = "gnu++0x";
				CLANG_CXX_LIBRARY = "libc++";
				CLANG_ENABLE_MODULES = YES;
				CLANG_ENABLE_OBJC_ARC = YES;
				CLANG_WARN_BOOL_CONVERSION = YES;
				CLANG_WARN_CONSTANT_CONVERSION = YES;
				CLANG_WARN_DIRECT_OBJC_ISA_USAGE = YES_ERROR;
				CLANG_WARN_DOCUMENTATION_COMMENTS = YES;
				CLANG_WARN_EMPTY_BODY = YES;
				CLANG_WARN_ENUM_CONVERSION = YES;
				CLANG_WARN_INFINITE_RECURSION = YES;
				CLANG_WARN_INT_CONVERSION = YES;
				CLANG_WARN_OBJC_ROOT_CLASS = YES_ERROR;
				CLANG_WARN_SUSPICIOUS_MOVE = YES;
				CLANG_WARN_UNREACHABLE_CODE = YES;
				CLANG_WARN__DUPLICATE_METHOD_MATCH = YES;
				"CODE_SIGN_IDENTITY[sdk=iphoneos*]" = "iPhone Developer";
				COPY_PHASE_STRIP = NO;
				DEBUG_INFORMATION_FORMAT = dwarf;
				ENABLE_STRICT_OBJC_MSGSEND = YES;
				ENABLE_TESTABILITY = YES;
				GCC_C_LANGUAGE_STANDARD = gnu99;
				GCC_DYNAMIC_NO_PIC = NO;
				GCC_NO_COMMON_BLOCKS = YES;
				GCC_OPTIMIZATION_LEVEL = 0;
				GCC_PREPROCESSOR_DEFINITIONS = (
					"DEBUG=1",
					"$(inherited)",
				);
				GCC_WARN_64_TO_32_BIT_CONVERSION = YES;
				GCC_WARN_ABOUT_RETURN_TYPE = YES_ERROR;
				GCC_WARN_UNDECLARED_SELECTOR = YES;
				GCC_WARN_UNINITIALIZED_AUTOS = YES_AGGRESSIVE;
				GCC_WARN_UNUSED_FUNCTION = YES;
				GCC_WARN_UNUSED_VARIABLE = YES;
				IPHONEOS_DEPLOYMENT_TARGET = 10.2;
				MTL_ENABLE_DEBUG_INFO = YES;
				ONLY_ACTIVE_ARCH = YES;
				SDKROOT = iphoneos;
				SWIFT_ACTIVE_COMPILATION_CONDITIONS = DEBUG;
				SWIFT_OPTIMIZATION_LEVEL = "-Onone";
				TARGETED_DEVICE_FAMILY = "1,2";
			};
			name = Debug;
		};
		B211BC3A1E260A330009B4BE /* Release */ = {
			isa = XCBuildConfiguration;
			buildSettings = {
				ALWAYS_SEARCH_USER_PATHS = NO;
				CLANG_ANALYZER_NONNULL = YES;
				CLANG_CXX_LANGUAGE_STANDARD = "gnu++0x";
				CLANG_CXX_LIBRARY = "libc++";
				CLANG_ENABLE_MODULES = YES;
				CLANG_ENABLE_OBJC_ARC = YES;
				CLANG_WARN_BOOL_CONVERSION = YES;
				CLANG_WARN_CONSTANT_CONVERSION = YES;
				CLANG_WARN_DIRECT_OBJC_ISA_USAGE = YES_ERROR;
				CLANG_WARN_DOCUMENTATION_COMMENTS = YES;
				CLANG_WARN_EMPTY_BODY = YES;
				CLANG_WARN_ENUM_CONVERSION = YES;
				CLANG_WARN_INFINITE_RECURSION = YES;
				CLANG_WARN_INT_CONVERSION = YES;
				CLANG_WARN_OBJC_ROOT_CLASS = YES_ERROR;
				CLANG_WARN_SUSPICIOUS_MOVE = YES;
				CLANG_WARN_UNREACHABLE_CODE = YES;
				CLANG_WARN__DUPLICATE_METHOD_MATCH = YES;
				"CODE_SIGN_IDENTITY[sdk=iphoneos*]" = "iPhone Developer";
				COPY_PHASE_STRIP = NO;
				DEBUG_INFORMATION_FORMAT = "dwarf-with-dsym";
				ENABLE_NS_ASSERTIONS = NO;
				ENABLE_STRICT_OBJC_MSGSEND = YES;
				GCC_C_LANGUAGE_STANDARD = gnu99;
				GCC_NO_COMMON_BLOCKS = YES;
				GCC_WARN_64_TO_32_BIT_CONVERSION = YES;
				GCC_WARN_ABOUT_RETURN_TYPE = YES_ERROR;
				GCC_WARN_UNDECLARED_SELECTOR = YES;
				GCC_WARN_UNINITIALIZED_AUTOS = YES_AGGRESSIVE;
				GCC_WARN_UNUSED_FUNCTION = YES;
				GCC_WARN_UNUSED_VARIABLE = YES;
				IPHONEOS_DEPLOYMENT_TARGET = 10.2;
				MTL_ENABLE_DEBUG_INFO = NO;
				SDKROOT = iphoneos;
				SWIFT_OPTIMIZATION_LEVEL = "-Owholemodule";
				TARGETED_DEVICE_FAMILY = "1,2";
				VALIDATE_PRODUCT = YES;
			};
			name = Release;
		};
		B211BC3C1E260A330009B4BE /* Debug */ = {
			isa = XCBuildConfiguration;
			baseConfigurationReference = 3C7EDC766B12575E375F1DFB /* Pods-Demo.debug.xcconfig */;
			buildSettings = {
				ASSETCATALOG_COMPILER_APPICON_NAME = AppIcon;
				INFOPLIST_FILE = Demo/Info.plist;
				LD_RUNPATH_SEARCH_PATHS = "$(inherited) @executable_path/Frameworks";
				PRODUCT_BUNDLE_IDENTIFIER = com.zacktvz.Demo;
				PRODUCT_NAME = "$(TARGET_NAME)";
				SWIFT_VERSION = 3.0;
			};
			name = Debug;
		};
		B211BC3D1E260A330009B4BE /* Release */ = {
			isa = XCBuildConfiguration;
			baseConfigurationReference = 816B13BE7EA29378A3225278 /* Pods-Demo.release.xcconfig */;
			buildSettings = {
				ASSETCATALOG_COMPILER_APPICON_NAME = AppIcon;
				INFOPLIST_FILE = Demo/Info.plist;
				LD_RUNPATH_SEARCH_PATHS = "$(inherited) @executable_path/Frameworks";
				PRODUCT_BUNDLE_IDENTIFIER = com.zacktvz.Demo;
				PRODUCT_NAME = "$(TARGET_NAME)";
				SWIFT_VERSION = 3.0;
			};
			name = Release;
		};
		B211BC3F1E260A330009B4BE /* Debug */ = {
			isa = XCBuildConfiguration;
			baseConfigurationReference = 621AA8FC9100C932F136129D /* Pods-DemoTests.debug.xcconfig */;
			buildSettings = {
				ALWAYS_EMBED_SWIFT_STANDARD_LIBRARIES = YES;
				BUNDLE_LOADER = "$(TEST_HOST)";
				INFOPLIST_FILE = DemoTests/Info.plist;
				LD_RUNPATH_SEARCH_PATHS = "$(inherited) @executable_path/Frameworks @loader_path/Frameworks";
				PRODUCT_BUNDLE_IDENTIFIER = com.zacktvz.DemoTests;
				PRODUCT_NAME = "$(TARGET_NAME)";
				SWIFT_VERSION = 3.0;
				TEST_HOST = "$(BUILT_PRODUCTS_DIR)/Demo.app/Demo";
			};
			name = Debug;
		};
		B211BC401E260A330009B4BE /* Release */ = {
			isa = XCBuildConfiguration;
			baseConfigurationReference = DD78A4A7CFDD840D3E55F0C1 /* Pods-DemoTests.release.xcconfig */;
			buildSettings = {
				ALWAYS_EMBED_SWIFT_STANDARD_LIBRARIES = YES;
				BUNDLE_LOADER = "$(TEST_HOST)";
				INFOPLIST_FILE = DemoTests/Info.plist;
				LD_RUNPATH_SEARCH_PATHS = "$(inherited) @executable_path/Frameworks @loader_path/Frameworks";
				PRODUCT_BUNDLE_IDENTIFIER = com.zacktvz.DemoTests;
				PRODUCT_NAME = "$(TARGET_NAME)";
				SWIFT_VERSION = 3.0;
				TEST_HOST = "$(BUILT_PRODUCTS_DIR)/Demo.app/Demo";
			};
			name = Release;
		};
		B211BC421E260A330009B4BE /* Debug */ = {
			isa = XCBuildConfiguration;
			baseConfigurationReference = 09EA52B4D84026EE166A0C26 /* Pods-DemoUITests.debug.xcconfig */;
			buildSettings = {
				ALWAYS_EMBED_SWIFT_STANDARD_LIBRARIES = YES;
				INFOPLIST_FILE = DemoUITests/Info.plist;
				LD_RUNPATH_SEARCH_PATHS = "$(inherited) @executable_path/Frameworks @loader_path/Frameworks";
				PRODUCT_BUNDLE_IDENTIFIER = com.zacktvz.DemoUITests;
				PRODUCT_NAME = "$(TARGET_NAME)";
				SWIFT_VERSION = 3.0;
				TEST_TARGET_NAME = Demo;
			};
			name = Debug;
		};
		B211BC431E260A330009B4BE /* Release */ = {
			isa = XCBuildConfiguration;
			baseConfigurationReference = 027B3ECC65E937C302F6C729 /* Pods-DemoUITests.release.xcconfig */;
			buildSettings = {
				ALWAYS_EMBED_SWIFT_STANDARD_LIBRARIES = YES;
				INFOPLIST_FILE = DemoUITests/Info.plist;
				LD_RUNPATH_SEARCH_PATHS = "$(inherited) @executable_path/Frameworks @loader_path/Frameworks";
				PRODUCT_BUNDLE_IDENTIFIER = com.zacktvz.DemoUITests;
				PRODUCT_NAME = "$(TARGET_NAME)";
				SWIFT_VERSION = 3.0;
				TEST_TARGET_NAME = Demo;
			};
			name = Release;
		};
/* End XCBuildConfiguration section */

/* Begin XCConfigurationList section */
		B211BC0E1E260A330009B4BE /* Build configuration list for PBXProject "Demo" */ = {
			isa = XCConfigurationList;
			buildConfigurations = (
				B211BC391E260A330009B4BE /* Debug */,
				B211BC3A1E260A330009B4BE /* Release */,
			);
			defaultConfigurationIsVisible = 0;
			defaultConfigurationName = Release;
		};
		B211BC3B1E260A330009B4BE /* Build configuration list for PBXNativeTarget "Demo" */ = {
			isa = XCConfigurationList;
			buildConfigurations = (
				B211BC3C1E260A330009B4BE /* Debug */,
				B211BC3D1E260A330009B4BE /* Release */,
			);
			defaultConfigurationIsVisible = 0;
			defaultConfigurationName = Release;
		};
		B211BC3E1E260A330009B4BE /* Build configuration list for PBXNativeTarget "DemoTests" */ = {
			isa = XCConfigurationList;
			buildConfigurations = (
				B211BC3F1E260A330009B4BE /* Debug */,
				B211BC401E260A330009B4BE /* Release */,
			);
			defaultConfigurationIsVisible = 0;
			defaultConfigurationName = Release;
		};
		B211BC411E260A330009B4BE /* Build configuration list for PBXNativeTarget "DemoUITests" */ = {
			isa = XCConfigurationList;
			buildConfigurations = (
				B211BC421E260A330009B4BE /* Debug */,
				B211BC431E260A330009B4BE /* Release */,
			);
			defaultConfigurationIsVisible = 0;
			defaultConfigurationName = Release;
		};
/* End XCConfigurationList section */
	};
	rootObject = B211BC0B1E260A330009B4BE /* Project object */;
}
